
Microsoft Visual Studio Solution File, Format Version 12.00
# Visual Studio Version 17
VisualStudioVersion = 17.9.34714.143
MinimumVisualStudioVersion = 10.0.40219.1
Project("{FAE04EC0-301F-11D3-BF4B-00C04F79EFBC}") = "CCLab0`", "CCLab0`.csproj", "{90C51670-0EE6-4875-BBAF-3D97D40CA687}"
EndProject
Project("{FAE04EC0-301F-11D3-BF4B-00C04F79EFBC}") = "Task02", "Task02\Task02.csproj", "{CDA80B46-22EF-4BD9-854D-AC49141F7BBA}"
EndProject
Project("{FAE04EC0-301F-11D3-BF4B-00C04F79EFBC}") = "CCLab2Task01", "CCLab2Task01\CCLab2Task01.csproj", "{3FCD98B6-084B-4129-8562-46DC36AC8727}"
EndProject
Global
	GlobalSection(SolutionConfigurationPlatforms) = preSolution
		Debug|Any CPU = Debug|Any CPU
		Release|Any CPU = Release|Any CPU
	EndGlobalSection
	GlobalSection(ProjectConfigurationPlatforms) = postSolution
		{90C51670-0EE6-4875-BBAF-3D97D40CA687}.Debug|Any CPU.ActiveCfg = Debug|Any CPU
		{90C51670-0EE6-4875-BBAF-3D97D40CA687}.Debug|Any CPU.Build.0 = Debug|Any CPU
		{90C51670-0EE6-4875-BBAF-3D97D40CA687}.Release|Any CPU.ActiveCfg = Release|Any CPU
		{90C51670-0EE6-4875-BBAF-3D97D40CA687}.Release|Any CPU.Build.0 = Release|Any CPU
		{CDA80B46-22EF-4BD9-854D-AC49141F7BBA}.Debug|Any CPU.ActiveCfg = Debug|Any CPU
		{CDA80B46-22EF-4BD9-854D-AC49141F7BBA}.Debug|Any CPU.Build.0 = Debug|Any CPU
		{CDA80B46-22EF-4BD9-854D-AC49141F7BBA}.Release|Any CPU.ActiveCfg = Release|Any CPU
		{CDA80B46-22EF-4BD9-854D-AC49141F7BBA}.Release|Any CPU.Build.0 = Release|Any CPU
		{3FCD98B6-084B-4129-8562-46DC36AC8727}.Debug|Any CPU.ActiveCfg = Debug|Any CPU
		{3FCD98B6-084B-4129-8562-46DC36AC8727}.Debug|Any CPU.Build.0 = Debug|Any CPU
		{3FCD98B6-084B-4129-8562-46DC36AC8727}.Release|Any CPU.ActiveCfg = Release|Any CPU
		{3FCD98B6-084B-4129-8562-46DC36AC8727}.Release|Any CPU.Build.0 = Release|Any CPU
	EndGlobalSection
	GlobalSection(SolutionProperties) = preSolution
		HideSolutionNode = FALSE
	EndGlobalSection
	GlobalSection(ExtensibilityGlobals) = postSolution
		SolutionGuid = {C22CEEFE-0E8B-40A4-A979-A63B37E28ACD}
	EndGlobalSection
EndGlobal
