
Microsoft Visual Studio Solution File, Format Version 12.00
# Visual Studio Version 17
VisualStudioVersion = 17.7.34024.191
MinimumVisualStudioVersion = 10.0.40219.1
Project("{FAE04EC0-301F-11D3-BF4B-00C04F79EFBC}") = "Lab3Activity1(RE for constants)", "Lab3Activity1(RE for constants)\Lab3Activity1(RE for constants).csproj", "{8FCB4FC4-940A-4F47-9212-9163FB616982}"
EndProject
Global
	GlobalSection(SolutionConfigurationPlatforms) = preSolution
		Debug|Any CPU = Debug|Any CPU
		Release|Any CPU = Release|Any CPU
	EndGlobalSection
	GlobalSection(ProjectConfigurationPlatforms) = postSolution
		{8FCB4FC4-940A-4F47-9212-9163FB616982}.Debug|Any CPU.ActiveCfg = Debug|Any CPU
		{8FCB4FC4-940A-4F47-9212-9163FB616982}.Debug|Any CPU.Build.0 = Debug|Any CPU
		{8FCB4FC4-940A-4F47-9212-9163FB616982}.Release|Any CPU.ActiveCfg = Release|Any CPU
		{8FCB4FC4-940A-4F47-9212-9163FB616982}.Release|Any CPU.Build.0 = Release|Any CPU
	EndGlobalSection
	GlobalSection(SolutionProperties) = preSolution
		HideSolutionNode = FALSE
	EndGlobalSection
	GlobalSection(ExtensibilityGlobals) = postSolution
		SolutionGuid = {47A786A6-3525-40AA-AAF5-34F224D89313}
	EndGlobalSection
EndGlobal
