
Microsoft Visual Studio Solution File, Format Version 12.00
# Visual Studio Version 17
VisualStudioVersion = 17.7.34024.191
MinimumVisualStudioVersion = 10.0.40219.1
Project("{FAE04EC0-301F-11D3-BF4B-00C04F79EFBC}") = "Lab2Activity2(regular expression for arithmetic operators)", "Lab2Activity2(regular expression for arithmetic operators)\Lab2Activity2(regular expression for arithmetic operators).csproj", "{47E189D9-CB53-4850-AA83-D096CBBBF8D0}"
EndProject
Global
	GlobalSection(SolutionConfigurationPlatforms) = preSolution
		Debug|Any CPU = Debug|Any CPU
		Release|Any CPU = Release|Any CPU
	EndGlobalSection
	GlobalSection(ProjectConfigurationPlatforms) = postSolution
		{47E189D9-CB53-4850-AA83-D096CBBBF8D0}.Debug|Any CPU.ActiveCfg = Debug|Any CPU
		{47E189D9-CB53-4850-AA83-D096CBBBF8D0}.Debug|Any CPU.Build.0 = Debug|Any CPU
		{47E189D9-CB53-4850-AA83-D096CBBBF8D0}.Release|Any CPU.ActiveCfg = Release|Any CPU
		{47E189D9-CB53-4850-AA83-D096CBBBF8D0}.Release|Any CPU.Build.0 = Release|Any CPU
	EndGlobalSection
	GlobalSection(SolutionProperties) = preSolution
		HideSolutionNode = FALSE
	EndGlobalSection
	GlobalSection(ExtensibilityGlobals) = postSolution
		SolutionGuid = {6FA85BE4-C638-47C8-BC9E-1E8F6DCA5986}
	EndGlobalSection
EndGlobal
