
Microsoft Visual Studio Solution File, Format Version 12.00
# Visual Studio Version 17
VisualStudioVersion = 17.7.34024.191
MinimumVisualStudioVersion = 10.0.40219.1
Project("{FAE04EC0-301F-11D3-BF4B-00C04F79EFBC}") = "Lab7Activity1 (follow sets of variables)", "Lab7Activity1 (follow sets of variables)\Lab7Activity1 (follow sets of variables).csproj", "{8B955B80-E99C-4038-BFEC-5ACF8F5DC488}"
EndProject
Global
	GlobalSection(SolutionConfigurationPlatforms) = preSolution
		Debug|Any CPU = Debug|Any CPU
		Release|Any CPU = Release|Any CPU
	EndGlobalSection
	GlobalSection(ProjectConfigurationPlatforms) = postSolution
		{8B955B80-E99C-4038-BFEC-5ACF8F5DC488}.Debug|Any CPU.ActiveCfg = Debug|Any CPU
		{8B955B80-E99C-4038-BFEC-5ACF8F5DC488}.Debug|Any CPU.Build.0 = Debug|Any CPU
		{8B955B80-E99C-4038-BFEC-5ACF8F5DC488}.Release|Any CPU.ActiveCfg = Release|Any CPU
		{8B955B80-E99C-4038-BFEC-5ACF8F5DC488}.Release|Any CPU.Build.0 = Release|Any CPU
	EndGlobalSection
	GlobalSection(SolutionProperties) = preSolution
		HideSolutionNode = FALSE
	EndGlobalSection
	GlobalSection(ExtensibilityGlobals) = postSolution
		SolutionGuid = {B6E0E101-19F1-47F0-B251-3B130A24D7D6}
	EndGlobalSection
EndGlobal
